// !$*UTF8*$!
{
	archiveVersion = 1;
	classes = {
	};
	objectVersion = 56;
	objects = {

/* Begin PBXBuildFile section */
		743CA98D2BB9CF80009465B3 /* AppDelegate.swift in Sources */ = {isa = PBXBuildFile; fileRef = 743CA98C2BB9CF80009465B3 /* AppDelegate.swift */; };
		743CA98F2BB9CF80009465B3 /* SceneDelegate.swift in Sources */ = {isa = PBXBuildFile; fileRef = 743CA98E2BB9CF80009465B3 /* SceneDelegate.swift */; };
		743CA9912BB9CF80009465B3 /* MainViewController.swift in Sources */ = {isa = PBXBuildFile; fileRef = 743CA9902BB9CF80009465B3 /* MainViewController.swift */; };
		743CA9962BB9CF81009465B3 /* Assets.xcassets in Resources */ = {isa = PBXBuildFile; fileRef = 743CA9952BB9CF81009465B3 /* Assets.xcassets */; };
		743CA9992BB9CF81009465B3 /* Base in Resources */ = {isa = PBXBuildFile; fileRef = 743CA9982BB9CF81009465B3 /* Base */; };
		743CA9A82BB9D0F5009465B3 /* UserInterface.xcstrings in Resources */ = {isa = PBXBuildFile; fileRef = 743CA9A72BB9D0F5009465B3 /* UserInterface.xcstrings */; };
		743CA9AC2BB9D171009465B3 /* SnapKit in Frameworks */ = {isa = PBXBuildFile; productRef = 743CA9AB2BB9D171009465B3 /* SnapKit */; };
		743CA9AE2BB9D31E009465B3 /* Radar.json in Resources */ = {isa = PBXBuildFile; fileRef = 743CA9AD2BB9D31E009465B3 /* Radar.json */; };
		743CA9B12BB9D3C8009465B3 /* Lottie in Frameworks */ = {isa = PBXBuildFile; productRef = 743CA9B02BB9D3C8009465B3 /* Lottie */; };
		743CA9B62BB9DB0A009465B3 /* SF-Pro-Display-Semibold.ttf in Resources */ = {isa = PBXBuildFile; fileRef = 743CA9B52BB9DB0A009465B3 /* SF-Pro-Display-Semibold.ttf */; };
		743CA9BB2BB9DB14009465B3 /* SF-Pro-Text-Semibold.ttf in Resources */ = {isa = PBXBuildFile; fileRef = 743CA9B72BB9DB14009465B3 /* SF-Pro-Text-Semibold.ttf */; };
		743CA9BC2BB9DB14009465B3 /* SF-Pro-Text-Medium.ttf in Resources */ = {isa = PBXBuildFile; fileRef = 743CA9B82BB9DB14009465B3 /* SF-Pro-Text-Medium.ttf */; };
		743CA9BD2BB9DB14009465B3 /* SF-Pro-Text-Regular.ttf in Resources */ = {isa = PBXBuildFile; fileRef = 743CA9B92BB9DB14009465B3 /* SF-Pro-Text-Regular.ttf */; };
		743CA9BE2BB9DB14009465B3 /* SF-Pro-Text-Bold.ttf in Resources */ = {isa = PBXBuildFile; fileRef = 743CA9BA2BB9DB14009465B3 /* SF-Pro-Text-Bold.ttf */; };
		743CA9C12BB9DCCF009465B3 /* DoubleTapPreventer.swift in Sources */ = {isa = PBXBuildFile; fileRef = 743CA9C02BB9DCCF009465B3 /* DoubleTapPreventer.swift */; };
		743CA9C52BB9DDAF009465B3 /* UIFont+CustomFonts.swift in Sources */ = {isa = PBXBuildFile; fileRef = 743CA9C42BB9DDAF009465B3 /* UIFont+CustomFonts.swift */; };
		743CA9C72BB9DDC3009465B3 /* UINavigationController+PopGesture.swift in Sources */ = {isa = PBXBuildFile; fileRef = 743CA9C62BB9DDC3009465B3 /* UINavigationController+PopGesture.swift */; };
		743CA9CA2BB9DF8C009465B3 /* NetworkScanViewController.swift in Sources */ = {isa = PBXBuildFile; fileRef = 743CA9C92BB9DF8C009465B3 /* NetworkScanViewController.swift */; };
		743CA9CC2BB9DFBD009465B3 /* DeviceListViewController.swift in Sources */ = {isa = PBXBuildFile; fileRef = 743CA9CB2BB9DFBD009465B3 /* DeviceListViewController.swift */; };
		743CA9CE2BB9E001009465B3 /* CurrentWifiView.swift in Sources */ = {isa = PBXBuildFile; fileRef = 743CA9CD2BB9E001009465B3 /* CurrentWifiView.swift */; };
		743CA9D22BB9E04B009465B3 /* NavigationBarView.swift in Sources */ = {isa = PBXBuildFile; fileRef = 743CA9D12BB9E04B009465B3 /* NavigationBarView.swift */; };
		743CA9D52BB9E128009465B3 /* DeviceCell.swift in Sources */ = {isa = PBXBuildFile; fileRef = 743CA9D42BB9E128009465B3 /* DeviceCell.swift */; };
		743CA9D72BB9E13B009465B3 /* MenuButtonCell.swift in Sources */ = {isa = PBXBuildFile; fileRef = 743CA9D62BB9E13B009465B3 /* MenuButtonCell.swift */; };
		743CA9D92BB9E390009465B3 /* Assets.swift in Sources */ = {isa = PBXBuildFile; fileRef = 743CA9D82BB9E390009465B3 /* Assets.swift */; };
		743CA9DB2BB9ECAA009465B3 /* String+Localized.swift in Sources */ = {isa = PBXBuildFile; fileRef = 743CA9DA2BB9ECAA009465B3 /* String+Localized.swift */; };
		743CA9DD2BB9F286009465B3 /* UIButton+Animate.swift in Sources */ = {isa = PBXBuildFile; fileRef = 743CA9DC2BB9F286009465B3 /* UIButton+Animate.swift */; };
		743CA9DF2BB9F388009465B3 /* MainViewModel.swift in Sources */ = {isa = PBXBuildFile; fileRef = 743CA9DE2BB9F388009465B3 /* MainViewModel.swift */; };
		743CA9E12BBA0B0D009465B3 /* UICollectionViewCell+Animate.swift in Sources */ = {isa = PBXBuildFile; fileRef = 743CA9E02BBA0B0D009465B3 /* UICollectionViewCell+Animate.swift */; };
		743CA9E32BBA1187009465B3 /* CustomButton.swift in Sources */ = {isa = PBXBuildFile; fileRef = 743CA9E22BBA1187009465B3 /* CustomButton.swift */; };
		743CA9E52BBA17BD009465B3 /* TitleOneLabel.swift in Sources */ = {isa = PBXBuildFile; fileRef = 743CA9E42BBA17BD009465B3 /* TitleOneLabel.swift */; };
		743CA9E72BBA186F009465B3 /* TitleTwoLabel.swift in Sources */ = {isa = PBXBuildFile; fileRef = 743CA9E62BBA186F009465B3 /* TitleTwoLabel.swift */; };
		743CA9E92BBA1D92009465B3 /* DeviceCountTwoView.swift in Sources */ = {isa = PBXBuildFile; fileRef = 743CA9E82BBA1D92009465B3 /* DeviceCountTwoView.swift */; };
		743CA9EB2BBA1EF9009465B3 /* TitleThreeLabel.swift in Sources */ = {isa = PBXBuildFile; fileRef = 743CA9EA2BBA1EF9009465B3 /* TitleThreeLabel.swift */; };
		743CA9ED2BBA22B5009465B3 /* DeviceCountOneView.swift in Sources */ = {isa = PBXBuildFile; fileRef = 743CA9EC2BBA22B5009465B3 /* DeviceCountOneView.swift */; };
		743CA9EF2BBA2DC0009465B3 /* SeparatorView.swift in Sources */ = {isa = PBXBuildFile; fileRef = 743CA9EE2BBA2DC0009465B3 /* SeparatorView.swift */; };
		743CA9F12BBA3BAE009465B3 /* BaseViewController.swift in Sources */ = {isa = PBXBuildFile; fileRef = 743CA9F02BBA3BAE009465B3 /* BaseViewController.swift */; };
/* End PBXBuildFile section */

/* Begin PBXFileReference section */
		743CA9892BB9CF80009465B3 /* MagneticTT.app */ = {isa = PBXFileReference; explicitFileType = wrapper.application; includeInIndex = 0; path = MagneticTT.app; sourceTree = BUILT_PRODUCTS_DIR; };
		743CA98C2BB9CF80009465B3 /* AppDelegate.swift */ = {isa = PBXFileReference; lastKnownFileType = sourcecode.swift; path = AppDelegate.swift; sourceTree = "<group>"; };
		743CA98E2BB9CF80009465B3 /* SceneDelegate.swift */ = {isa = PBXFileReference; lastKnownFileType = sourcecode.swift; path = SceneDelegate.swift; sourceTree = "<group>"; };
		743CA9902BB9CF80009465B3 /* MainViewController.swift */ = {isa = PBXFileReference; lastKnownFileType = sourcecode.swift; path = MainViewController.swift; sourceTree = "<group>"; };
		743CA9952BB9CF81009465B3 /* Assets.xcassets */ = {isa = PBXFileReference; lastKnownFileType = folder.assetcatalog; path = Assets.xcassets; sourceTree = "<group>"; };
		743CA9982BB9CF81009465B3 /* Base */ = {isa = PBXFileReference; lastKnownFileType = file.storyboard; name = Base; path = Base.lproj/LaunchScreen.storyboard; sourceTree = "<group>"; };
		743CA99A2BB9CF81009465B3 /* Info.plist */ = {isa = PBXFileReference; lastKnownFileType = text.plist.xml; path = Info.plist; sourceTree = "<group>"; };
		743CA9A72BB9D0F5009465B3 /* UserInterface.xcstrings */ = {isa = PBXFileReference; lastKnownFileType = text.json.xcstrings; path = UserInterface.xcstrings; sourceTree = "<group>"; };
		743CA9AD2BB9D31E009465B3 /* Radar.json */ = {isa = PBXFileReference; fileEncoding = 4; lastKnownFileType = text.json; path = Radar.json; sourceTree = "<group>"; };
		743CA9B52BB9DB0A009465B3 /* SF-Pro-Display-Semibold.ttf */ = {isa = PBXFileReference; lastKnownFileType = file; path = "SF-Pro-Display-Semibold.ttf"; sourceTree = "<group>"; };
		743CA9B72BB9DB14009465B3 /* SF-Pro-Text-Semibold.ttf */ = {isa = PBXFileReference; lastKnownFileType = file; path = "SF-Pro-Text-Semibold.ttf"; sourceTree = "<group>"; };
		743CA9B82BB9DB14009465B3 /* SF-Pro-Text-Medium.ttf */ = {isa = PBXFileReference; lastKnownFileType = file; path = "SF-Pro-Text-Medium.ttf"; sourceTree = "<group>"; };
		743CA9B92BB9DB14009465B3 /* SF-Pro-Text-Regular.ttf */ = {isa = PBXFileReference; lastKnownFileType = file; path = "SF-Pro-Text-Regular.ttf"; sourceTree = "<group>"; };
		743CA9BA2BB9DB14009465B3 /* SF-Pro-Text-Bold.ttf */ = {isa = PBXFileReference; lastKnownFileType = file; path = "SF-Pro-Text-Bold.ttf"; sourceTree = "<group>"; };
		743CA9C02BB9DCCF009465B3 /* DoubleTapPreventer.swift */ = {isa = PBXFileReference; lastKnownFileType = sourcecode.swift; path = DoubleTapPreventer.swift; sourceTree = "<group>"; };
		743CA9C42BB9DDAF009465B3 /* UIFont+CustomFonts.swift */ = {isa = PBXFileReference; lastKnownFileType = sourcecode.swift; path = "UIFont+CustomFonts.swift"; sourceTree = "<group>"; };
		743CA9C62BB9DDC3009465B3 /* UINavigationController+PopGesture.swift */ = {isa = PBXFileReference; lastKnownFileType = sourcecode.swift; path = "UINavigationController+PopGesture.swift"; sourceTree = "<group>"; };
		743CA9C92BB9DF8C009465B3 /* NetworkScanViewController.swift */ = {isa = PBXFileReference; lastKnownFileType = sourcecode.swift; path = NetworkScanViewController.swift; sourceTree = "<group>"; };
		743CA9CB2BB9DFBD009465B3 /* DeviceListViewController.swift */ = {isa = PBXFileReference; lastKnownFileType = sourcecode.swift; path = DeviceListViewController.swift; sourceTree = "<group>"; };
		743CA9CD2BB9E001009465B3 /* CurrentWifiView.swift */ = {isa = PBXFileReference; lastKnownFileType = sourcecode.swift; path = CurrentWifiView.swift; sourceTree = "<group>"; };
		743CA9D12BB9E04B009465B3 /* NavigationBarView.swift */ = {isa = PBXFileReference; lastKnownFileType = sourcecode.swift; path = NavigationBarView.swift; sourceTree = "<group>"; };
		743CA9D42BB9E128009465B3 /* DeviceCell.swift */ = {isa = PBXFileReference; lastKnownFileType = sourcecode.swift; path = DeviceCell.swift; sourceTree = "<group>"; };
		743CA9D62BB9E13B009465B3 /* MenuButtonCell.swift */ = {isa = PBXFileReference; lastKnownFileType = sourcecode.swift; path = MenuButtonCell.swift; sourceTree = "<group>"; };
		743CA9D82BB9E390009465B3 /* Assets.swift */ = {isa = PBXFileReference; lastKnownFileType = sourcecode.swift; path = Assets.swift; sourceTree = "<group>"; };
		743CA9DA2BB9ECAA009465B3 /* String+Localized.swift */ = {isa = PBXFileReference; lastKnownFileType = sourcecode.swift; path = "String+Localized.swift"; sourceTree = "<group>"; };
		743CA9DC2BB9F286009465B3 /* UIButton+Animate.swift */ = {isa = PBXFileReference; lastKnownFileType = sourcecode.swift; path = "UIButton+Animate.swift"; sourceTree = "<group>"; };
		743CA9DE2BB9F388009465B3 /* MainViewModel.swift */ = {isa = PBXFileReference; lastKnownFileType = sourcecode.swift; path = MainViewModel.swift; sourceTree = "<group>"; };
		743CA9E02BBA0B0D009465B3 /* UICollectionViewCell+Animate.swift */ = {isa = PBXFileReference; lastKnownFileType = sourcecode.swift; path = "UICollectionViewCell+Animate.swift"; sourceTree = "<group>"; };
		743CA9E22BBA1187009465B3 /* CustomButton.swift */ = {isa = PBXFileReference; lastKnownFileType = sourcecode.swift; path = CustomButton.swift; sourceTree = "<group>"; };
		743CA9E42BBA17BD009465B3 /* TitleOneLabel.swift */ = {isa = PBXFileReference; lastKnownFileType = sourcecode.swift; path = TitleOneLabel.swift; sourceTree = "<group>"; };
		743CA9E62BBA186F009465B3 /* TitleTwoLabel.swift */ = {isa = PBXFileReference; lastKnownFileType = sourcecode.swift; path = TitleTwoLabel.swift; sourceTree = "<group>"; };
		743CA9E82BBA1D92009465B3 /* DeviceCountTwoView.swift */ = {isa = PBXFileReference; lastKnownFileType = sourcecode.swift; path = DeviceCountTwoView.swift; sourceTree = "<group>"; };
		743CA9EA2BBA1EF9009465B3 /* TitleThreeLabel.swift */ = {isa = PBXFileReference; lastKnownFileType = sourcecode.swift; path = TitleThreeLabel.swift; sourceTree = "<group>"; };
		743CA9EC2BBA22B5009465B3 /* DeviceCountOneView.swift */ = {isa = PBXFileReference; lastKnownFileType = sourcecode.swift; path = DeviceCountOneView.swift; sourceTree = "<group>"; };
		743CA9EE2BBA2DC0009465B3 /* SeparatorView.swift */ = {isa = PBXFileReference; lastKnownFileType = sourcecode.swift; path = SeparatorView.swift; sourceTree = "<group>"; };
		743CA9F02BBA3BAE009465B3 /* BaseViewController.swift */ = {isa = PBXFileReference; lastKnownFileType = sourcecode.swift; path = BaseViewController.swift; sourceTree = "<group>"; };
/* End PBXFileReference section */

/* Begin PBXFrameworksBuildPhase section */
		743CA9862BB9CF80009465B3 /* Frameworks */ = {
			isa = PBXFrameworksBuildPhase;
			buildActionMask = 2147483647;
			files = (
				743CA9AC2BB9D171009465B3 /* SnapKit in Frameworks */,
				743CA9B12BB9D3C8009465B3 /* Lottie in Frameworks */,
			);
			runOnlyForDeploymentPostprocessing = 0;
		};
/* End PBXFrameworksBuildPhase section */

/* Begin PBXGroup section */
		743CA9802BB9CF80009465B3 = {
			isa = PBXGroup;
			children = (
				743CA98B2BB9CF80009465B3 /* MagneticTT */,
				743CA98A2BB9CF80009465B3 /* Products */,
			);
			sourceTree = "<group>";
		};
		743CA98A2BB9CF80009465B3 /* Products */ = {
			isa = PBXGroup;
			children = (
				743CA9892BB9CF80009465B3 /* MagneticTT.app */,
			);
			name = Products;
			sourceTree = "<group>";
		};
		743CA98B2BB9CF80009465B3 /* MagneticTT */ = {
			isa = PBXGroup;
			children = (
				743CA9A02BB9D072009465B3 /* Application */,
				743CA9BF2BB9DCA8009465B3 /* Utilities */,
				743CA9A12BB9D079009465B3 /* Source */,
				743CA9A22BB9D07D009465B3 /* Resources */,
			);
			path = MagneticTT;
			sourceTree = "<group>";
		};
		743CA9A02BB9D072009465B3 /* Application */ = {
			isa = PBXGroup;
			children = (
				743CA98C2BB9CF80009465B3 /* AppDelegate.swift */,
				743CA98E2BB9CF80009465B3 /* SceneDelegate.swift */,
			);
			path = Application;
			sourceTree = "<group>";
		};
		743CA9A12BB9D079009465B3 /* Source */ = {
			isa = PBXGroup;
			children = (
				743CA9A52BB9D094009465B3 /* Common */,
				743CA9D32BB9E0BB009465B3 /* Cells */,
				743CA9A42BB9D090009465B3 /* Views */,
				743CA9A92BB9D121009465B3 /* ViewModels */,
				743CA9A32BB9D08A009465B3 /* ViewControllers */,
				743CA9F22BBA3DE4009465B3 /* Screens */,
			);
			path = Source;
			sourceTree = "<group>";
		};
		743CA9A22BB9D07D009465B3 /* Resources */ = {
			isa = PBXGroup;
			children = (
				743CA9A62BB9D0AF009465B3 /* Animations */,
				743CA9B22BB9DA3A009465B3 /* Fonts */,
				743CA9952BB9CF81009465B3 /* Assets.xcassets */,
				743CA9D82BB9E390009465B3 /* Assets.swift */,
				743CA9972BB9CF81009465B3 /* LaunchScreen.storyboard */,
				743CA9A72BB9D0F5009465B3 /* UserInterface.xcstrings */,
				743CA99A2BB9CF81009465B3 /* Info.plist */,
			);
			path = Resources;
			sourceTree = "<group>";
		};
		743CA9A32BB9D08A009465B3 /* ViewControllers */ = {
			isa = PBXGroup;
			children = (
				743CA9F02BBA3BAE009465B3 /* BaseViewController.swift */,
			);
			path = ViewControllers;
			sourceTree = "<group>";
		};
		743CA9A42BB9D090009465B3 /* Views */ = {
			isa = PBXGroup;
			children = (
				743CA9D12BB9E04B009465B3 /* NavigationBarView.swift */,
				743CA9CD2BB9E001009465B3 /* CurrentWifiView.swift */,
				743CA9EC2BBA22B5009465B3 /* DeviceCountOneView.swift */,
				743CA9E82BBA1D92009465B3 /* DeviceCountTwoView.swift */,
			);
			path = Views;
			sourceTree = "<group>";
		};
		743CA9A52BB9D094009465B3 /* Common */ = {
			isa = PBXGroup;
			children = (
				743CA9C32BB9DD7F009465B3 /* Components */,
				743CA9C22BB9DD78009465B3 /* Extensions */,
			);
			path = Common;
			sourceTree = "<group>";
		};
		743CA9A62BB9D0AF009465B3 /* Animations */ = {
			isa = PBXGroup;
			children = (
				743CA9AD2BB9D31E009465B3 /* Radar.json */,
			);
			path = Animations;
			sourceTree = "<group>";
		};
		743CA9A92BB9D121009465B3 /* ViewModels */ = {
			isa = PBXGroup;
			children = (
				743CA9DE2BB9F388009465B3 /* MainViewModel.swift */,
			);
			path = ViewModels;
			sourceTree = "<group>";
		};
		743CA9B22BB9DA3A009465B3 /* Fonts */ = {
			isa = PBXGroup;
			children = (
				743CA9B42BB9DA52009465B3 /* SFProText */,
				743CA9B32BB9DA4E009465B3 /* SFProDisplay */,
			);
			path = Fonts;
			sourceTree = "<group>";
		};
		743CA9B32BB9DA4E009465B3 /* SFProDisplay */ = {
			isa = PBXGroup;
			children = (
				743CA9B52BB9DB0A009465B3 /* SF-Pro-Display-Semibold.ttf */,
			);
			path = SFProDisplay;
			sourceTree = "<group>";
		};
		743CA9B42BB9DA52009465B3 /* SFProText */ = {
			isa = PBXGroup;
			children = (
				743CA9B92BB9DB14009465B3 /* SF-Pro-Text-Regular.ttf */,
				743CA9B82BB9DB14009465B3 /* SF-Pro-Text-Medium.ttf */,
				743CA9B72BB9DB14009465B3 /* SF-Pro-Text-Semibold.ttf */,
				743CA9BA2BB9DB14009465B3 /* SF-Pro-Text-Bold.ttf */,
			);
			path = SFProText;
			sourceTree = "<group>";
		};
		743CA9BF2BB9DCA8009465B3 /* Utilities */ = {
			isa = PBXGroup;
			children = (
				743CA9C02BB9DCCF009465B3 /* DoubleTapPreventer.swift */,
			);
			path = Utilities;
			sourceTree = "<group>";
		};
		743CA9C22BB9DD78009465B3 /* Extensions */ = {
			isa = PBXGroup;
			children = (
				743CA9C42BB9DDAF009465B3 /* UIFont+CustomFonts.swift */,
				743CA9C62BB9DDC3009465B3 /* UINavigationController+PopGesture.swift */,
				743CA9DA2BB9ECAA009465B3 /* String+Localized.swift */,
				743CA9DC2BB9F286009465B3 /* UIButton+Animate.swift */,
				743CA9E02BBA0B0D009465B3 /* UICollectionViewCell+Animate.swift */,
			);
			path = Extensions;
			sourceTree = "<group>";
		};
		743CA9C32BB9DD7F009465B3 /* Components */ = {
			isa = PBXGroup;
			children = (
				743CA9E22BBA1187009465B3 /* CustomButton.swift */,
				743CA9E42BBA17BD009465B3 /* TitleOneLabel.swift */,
				743CA9E62BBA186F009465B3 /* TitleTwoLabel.swift */,
				743CA9EA2BBA1EF9009465B3 /* TitleThreeLabel.swift */,
				743CA9EE2BBA2DC0009465B3 /* SeparatorView.swift */,
			);
			path = Components;
			sourceTree = "<group>";
		};
		743CA9D32BB9E0BB009465B3 /* Cells */ = {
			isa = PBXGroup;
			children = (
				743CA9D62BB9E13B009465B3 /* MenuButtonCell.swift */,
				743CA9D42BB9E128009465B3 /* DeviceCell.swift */,
			);
			path = Cells;
			sourceTree = "<group>";
		};
		743CA9F22BBA3DE4009465B3 /* Screens */ = {
			isa = PBXGroup;
			children = (
				743CA9902BB9CF80009465B3 /* MainViewController.swift */,
				743CA9C92BB9DF8C009465B3 /* NetworkScanViewController.swift */,
				743CA9CB2BB9DFBD009465B3 /* DeviceListViewController.swift */,
			);
			path = Screens;
			sourceTree = "<group>";
		};
/* End PBXGroup section */

/* Begin PBXNativeTarget section */
		743CA9882BB9CF80009465B3 /* MagneticTT */ = {
			isa = PBXNativeTarget;
			buildConfigurationList = 743CA99D2BB9CF81009465B3 /* Build configuration list for PBXNativeTarget "MagneticTT" */;
			buildPhases = (
				743CA9852BB9CF80009465B3 /* Sources */,
				743CA9862BB9CF80009465B3 /* Frameworks */,
				743CA9872BB9CF80009465B3 /* Resources */,
			);
			buildRules = (
			);
			dependencies = (
			);
			name = MagneticTT;
			packageProductDependencies = (
				743CA9AB2BB9D171009465B3 /* SnapKit */,
				743CA9B02BB9D3C8009465B3 /* Lottie */,
			);
			productName = MagneticTT;
			productReference = 743CA9892BB9CF80009465B3 /* MagneticTT.app */;
			productType = "com.apple.product-type.application";
		};
/* End PBXNativeTarget section */

/* Begin PBXProject section */
		743CA9812BB9CF80009465B3 /* Project object */ = {
			isa = PBXProject;
			attributes = {
				BuildIndependentTargetsInParallel = 1;
				LastSwiftUpdateCheck = 1530;
				LastUpgradeCheck = 1530;
				TargetAttributes = {
					743CA9882BB9CF80009465B3 = {
						CreatedOnToolsVersion = 15.3;
					};
				};
			};
			buildConfigurationList = 743CA9842BB9CF80009465B3 /* Build configuration list for PBXProject "MagneticTT" */;
			compatibilityVersion = "Xcode 14.0";
			developmentRegion = en;
			hasScannedForEncodings = 0;
			knownRegions = (
				en,
				Base,
			);
			mainGroup = 743CA9802BB9CF80009465B3;
			packageReferences = (
				743CA9AA2BB9D171009465B3 /* XCRemoteSwiftPackageReference "SnapKit" */,
				743CA9AF2BB9D3C8009465B3 /* XCRemoteSwiftPackageReference "lottie-ios" */,
			);
			productRefGroup = 743CA98A2BB9CF80009465B3 /* Products */;
			projectDirPath = "";
			projectRoot = "";
			targets = (
				743CA9882BB9CF80009465B3 /* MagneticTT */,
			);
		};
/* End PBXProject section */

/* Begin PBXResourcesBuildPhase section */
		743CA9872BB9CF80009465B3 /* Resources */ = {
			isa = PBXResourcesBuildPhase;
			buildActionMask = 2147483647;
			files = (
				743CA9AE2BB9D31E009465B3 /* Radar.json in Resources */,
				743CA9BB2BB9DB14009465B3 /* SF-Pro-Text-Semibold.ttf in Resources */,
				743CA9BC2BB9DB14009465B3 /* SF-Pro-Text-Medium.ttf in Resources */,
				743CA9BE2BB9DB14009465B3 /* SF-Pro-Text-Bold.ttf in Resources */,
				743CA9BD2BB9DB14009465B3 /* SF-Pro-Text-Regular.ttf in Resources */,
				743CA9962BB9CF81009465B3 /* Assets.xcassets in Resources */,
				743CA9B62BB9DB0A009465B3 /* SF-Pro-Display-Semibold.ttf in Resources */,
				743CA9A82BB9D0F5009465B3 /* UserInterface.xcstrings in Resources */,
				743CA9992BB9CF81009465B3 /* Base in Resources */,
			);
			runOnlyForDeploymentPostprocessing = 0;
		};
/* End PBXResourcesBuildPhase section */

/* Begin PBXSourcesBuildPhase section */
		743CA9852BB9CF80009465B3 /* Sources */ = {
			isa = PBXSourcesBuildPhase;
			buildActionMask = 2147483647;
			files = (
				743CA9CA2BB9DF8C009465B3 /* NetworkScanViewController.swift in Sources */,
				743CA9E92BBA1D92009465B3 /* DeviceCountTwoView.swift in Sources */,
				743CA9D22BB9E04B009465B3 /* NavigationBarView.swift in Sources */,
				743CA9E32BBA1187009465B3 /* CustomButton.swift in Sources */,
				743CA9C52BB9DDAF009465B3 /* UIFont+CustomFonts.swift in Sources */,
				743CA9912BB9CF80009465B3 /* MainViewController.swift in Sources */,
				743CA9DB2BB9ECAA009465B3 /* String+Localized.swift in Sources */,
				743CA9C12BB9DCCF009465B3 /* DoubleTapPreventer.swift in Sources */,
				743CA9CC2BB9DFBD009465B3 /* DeviceListViewController.swift in Sources */,
				743CA9EB2BBA1EF9009465B3 /* TitleThreeLabel.swift in Sources */,
				743CA9CE2BB9E001009465B3 /* CurrentWifiView.swift in Sources */,
				743CA9C72BB9DDC3009465B3 /* UINavigationController+PopGesture.swift in Sources */,
				743CA9ED2BBA22B5009465B3 /* DeviceCountOneView.swift in Sources */,
				743CA9D92BB9E390009465B3 /* Assets.swift in Sources */,
				743CA9DD2BB9F286009465B3 /* UIButton+Animate.swift in Sources */,
				743CA9D52BB9E128009465B3 /* DeviceCell.swift in Sources */,
				743CA9D72BB9E13B009465B3 /* MenuButtonCell.swift in Sources */,
				743CA9E12BBA0B0D009465B3 /* UICollectionViewCell+Animate.swift in Sources */,
				743CA9EF2BBA2DC0009465B3 /* SeparatorView.swift in Sources */,
				743CA98D2BB9CF80009465B3 /* AppDelegate.swift in Sources */,
				743CA9F12BBA3BAE009465B3 /* BaseViewController.swift in Sources */,
				743CA98F2BB9CF80009465B3 /* SceneDelegate.swift in Sources */,
				743CA9E72BBA186F009465B3 /* TitleTwoLabel.swift in Sources */,
				743CA9E52BBA17BD009465B3 /* TitleOneLabel.swift in Sources */,
				743CA9DF2BB9F388009465B3 /* MainViewModel.swift in Sources */,
			);
			runOnlyForDeploymentPostprocessing = 0;
		};
/* End PBXSourcesBuildPhase section */

/* Begin PBXVariantGroup section */
		743CA9972BB9CF81009465B3 /* LaunchScreen.storyboard */ = {
			isa = PBXVariantGroup;
			children = (
				743CA9982BB9CF81009465B3 /* Base */,
			);
			name = LaunchScreen.storyboard;
			sourceTree = "<group>";
		};
/* End PBXVariantGroup section */

/* Begin XCBuildConfiguration section */
		743CA99B2BB9CF81009465B3 /* Debug */ = {
			isa = XCBuildConfiguration;
			buildSettings = {
				ALWAYS_SEARCH_USER_PATHS = NO;
				ASSETCATALOG_COMPILER_GENERATE_SWIFT_ASSET_SYMBOL_EXTENSIONS = YES;
				CLANG_ANALYZER_NONNULL = YES;
				CLANG_ANALYZER_NUMBER_OBJECT_CONVERSION = YES_AGGRESSIVE;
				CLANG_CXX_LANGUAGE_STANDARD = "gnu++20";
				CLANG_ENABLE_MODULES = YES;
				CLANG_ENABLE_OBJC_ARC = YES;
				CLANG_ENABLE_OBJC_WEAK = YES;
				CLANG_WARN_BLOCK_CAPTURE_AUTORELEASING = YES;
				CLANG_WARN_BOOL_CONVERSION = YES;
				CLANG_WARN_COMMA = YES;
				CLANG_WARN_CONSTANT_CONVERSION = YES;
				CLANG_WARN_DEPRECATED_OBJC_IMPLEMENTATIONS = YES;
				CLANG_WARN_DIRECT_OBJC_ISA_USAGE = YES_ERROR;
				CLANG_WARN_DOCUMENTATION_COMMENTS = YES;
				CLANG_WARN_EMPTY_BODY = YES;
				CLANG_WARN_ENUM_CONVERSION = YES;
				CLANG_WARN_INFINITE_RECURSION = YES;
				CLANG_WARN_INT_CONVERSION = YES;
				CLANG_WARN_NON_LITERAL_NULL_CONVERSION = YES;
				CLANG_WARN_OBJC_IMPLICIT_RETAIN_SELF = YES;
				CLANG_WARN_OBJC_LITERAL_CONVERSION = YES;
				CLANG_WARN_OBJC_ROOT_CLASS = YES_ERROR;
				CLANG_WARN_QUOTED_INCLUDE_IN_FRAMEWORK_HEADER = YES;
				CLANG_WARN_RANGE_LOOP_ANALYSIS = YES;
				CLANG_WARN_STRICT_PROTOTYPES = YES;
				CLANG_WARN_SUSPICIOUS_MOVE = YES;
				CLANG_WARN_UNGUARDED_AVAILABILITY = YES_AGGRESSIVE;
				CLANG_WARN_UNREACHABLE_CODE = YES;
				CLANG_WARN__DUPLICATE_METHOD_MATCH = YES;
				COPY_PHASE_STRIP = NO;
				DEBUG_INFORMATION_FORMAT = dwarf;
				ENABLE_STRICT_OBJC_MSGSEND = YES;
				ENABLE_TESTABILITY = YES;
				ENABLE_USER_SCRIPT_SANDBOXING = YES;
				GCC_C_LANGUAGE_STANDARD = gnu17;
				GCC_DYNAMIC_NO_PIC = NO;
				GCC_NO_COMMON_BLOCKS = YES;
				GCC_OPTIMIZATION_LEVEL = 0;
				GCC_PREPROCESSOR_DEFINITIONS = (
					"DEBUG=1",
					"$(inherited)",
				);
				GCC_WARN_64_TO_32_BIT_CONVERSION = YES;
				GCC_WARN_ABOUT_RETURN_TYPE = YES_ERROR;
				GCC_WARN_UNDECLARED_SELECTOR = YES;
				GCC_WARN_UNINITIALIZED_AUTOS = YES_AGGRESSIVE;
				GCC_WARN_UNUSED_FUNCTION = YES;
				GCC_WARN_UNUSED_VARIABLE = YES;
				IPHONEOS_DEPLOYMENT_TARGET = 15.0;
				LOCALIZATION_PREFERS_STRING_CATALOGS = YES;
				MTL_ENABLE_DEBUG_INFO = INCLUDE_SOURCE;
				MTL_FAST_MATH = YES;
				ONLY_ACTIVE_ARCH = YES;
				SDKROOT = iphoneos;
				SWIFT_ACTIVE_COMPILATION_CONDITIONS = "DEBUG $(inherited)";
				SWIFT_OPTIMIZATION_LEVEL = "-Onone";
			};
			name = Debug;
		};
		743CA99C2BB9CF81009465B3 /* Release */ = {
			isa = XCBuildConfiguration;
			buildSettings = {
				ALWAYS_SEARCH_USER_PATHS = NO;
				ASSETCATALOG_COMPILER_GENERATE_SWIFT_ASSET_SYMBOL_EXTENSIONS = YES;
				CLANG_ANALYZER_NONNULL = YES;
				CLANG_ANALYZER_NUMBER_OBJECT_CONVERSION = YES_AGGRESSIVE;
				CLANG_CXX_LANGUAGE_STANDARD = "gnu++20";
				CLANG_ENABLE_MODULES = YES;
				CLANG_ENABLE_OBJC_ARC = YES;
				CLANG_ENABLE_OBJC_WEAK = YES;
				CLANG_WARN_BLOCK_CAPTURE_AUTORELEASING = YES;
				CLANG_WARN_BOOL_CONVERSION = YES;
				CLANG_WARN_COMMA = YES;
				CLANG_WARN_CONSTANT_CONVERSION = YES;
				CLANG_WARN_DEPRECATED_OBJC_IMPLEMENTATIONS = YES;
				CLANG_WARN_DIRECT_OBJC_ISA_USAGE = YES_ERROR;
				CLANG_WARN_DOCUMENTATION_COMMENTS = YES;
				CLANG_WARN_EMPTY_BODY = YES;
				CLANG_WARN_ENUM_CONVERSION = YES;
				CLANG_WARN_INFINITE_RECURSION = YES;
				CLANG_WARN_INT_CONVERSION = YES;
				CLANG_WARN_NON_LITERAL_NULL_CONVERSION = YES;
				CLANG_WARN_OBJC_IMPLICIT_RETAIN_SELF = YES;
				CLANG_WARN_OBJC_LITERAL_CONVERSION = YES;
				CLANG_WARN_OBJC_ROOT_CLASS = YES_ERROR;
				CLANG_WARN_QUOTED_INCLUDE_IN_FRAMEWORK_HEADER = YES;
				CLANG_WARN_RANGE_LOOP_ANALYSIS = YES;
				CLANG_WARN_STRICT_PROTOTYPES = YES;
				CLANG_WARN_SUSPICIOUS_MOVE = YES;
				CLANG_WARN_UNGUARDED_AVAILABILITY = YES_AGGRESSIVE;
				CLANG_WARN_UNREACHABLE_CODE = YES;
				CLANG_WARN__DUPLICATE_METHOD_MATCH = YES;
				COPY_PHASE_STRIP = NO;
				DEBUG_INFORMATION_FORMAT = "dwarf-with-dsym";
				ENABLE_NS_ASSERTIONS = NO;
				ENABLE_STRICT_OBJC_MSGSEND = YES;
				ENABLE_USER_SCRIPT_SANDBOXING = YES;
				GCC_C_LANGUAGE_STANDARD = gnu17;
				GCC_NO_COMMON_BLOCKS = YES;
				GCC_WARN_64_TO_32_BIT_CONVERSION = YES;
				GCC_WARN_ABOUT_RETURN_TYPE = YES_ERROR;
				GCC_WARN_UNDECLARED_SELECTOR = YES;
				GCC_WARN_UNINITIALIZED_AUTOS = YES_AGGRESSIVE;
				GCC_WARN_UNUSED_FUNCTION = YES;
				GCC_WARN_UNUSED_VARIABLE = YES;
				IPHONEOS_DEPLOYMENT_TARGET = 15.0;
				LOCALIZATION_PREFERS_STRING_CATALOGS = YES;
				MTL_ENABLE_DEBUG_INFO = NO;
				MTL_FAST_MATH = YES;
				SDKROOT = iphoneos;
				SWIFT_COMPILATION_MODE = wholemodule;
				VALIDATE_PRODUCT = YES;
			};
			name = Release;
		};
		743CA99E2BB9CF81009465B3 /* Debug */ = {
			isa = XCBuildConfiguration;
			buildSettings = {
				ASSETCATALOG_COMPILER_APPICON_NAME = AppIcon;
				ASSETCATALOG_COMPILER_GLOBAL_ACCENT_COLOR_NAME = AccentColor;
				CODE_SIGN_STYLE = Automatic;
				CURRENT_PROJECT_VERSION = 1;
				DEVELOPMENT_TEAM = QU8K7VX6B7;
				GENERATE_INFOPLIST_FILE = YES;
				INFOPLIST_FILE = MagneticTT/Resources/Info.plist;
				INFOPLIST_KEY_UIApplicationSupportsIndirectInputEvents = YES;
				INFOPLIST_KEY_UILaunchStoryboardName = LaunchScreen;
				INFOPLIST_KEY_UISupportedInterfaceOrientations = UIInterfaceOrientationPortrait;
				LD_RUNPATH_SEARCH_PATHS = (
					"$(inherited)",
					"@executable_path/Frameworks",
				);
				MARKETING_VERSION = 1.0;
				PRODUCT_BUNDLE_IDENTIFIER = com.aadzhanow.MagneticTT;
				PRODUCT_NAME = "$(TARGET_NAME)";
				SWIFT_EMIT_LOC_STRINGS = YES;
				SWIFT_VERSION = 5.0;
				TARGETED_DEVICE_FAMILY = "1,2";
			};
			name = Debug;
		};
		743CA99F2BB9CF81009465B3 /* Release */ = {
			isa = XCBuildConfiguration;
			buildSettings = {
				ASSETCATALOG_COMPILER_APPICON_NAME = AppIcon;
				ASSETCATALOG_COMPILER_GLOBAL_ACCENT_COLOR_NAME = AccentColor;
				CODE_SIGN_STYLE = Automatic;
				CURRENT_PROJECT_VERSION = 1;
				DEVELOPMENT_TEAM = QU8K7VX6B7;
				GENERATE_INFOPLIST_FILE = YES;
				INFOPLIST_FILE = MagneticTT/Resources/Info.plist;
				INFOPLIST_KEY_UIApplicationSupportsIndirectInputEvents = YES;
				INFOPLIST_KEY_UILaunchStoryboardName = LaunchScreen;
				INFOPLIST_KEY_UISupportedInterfaceOrientations = UIInterfaceOrientationPortrait;
				LD_RUNPATH_SEARCH_PATHS = (
					"$(inherited)",
					"@executable_path/Frameworks",
				);
				MARKETING_VERSION = 1.0;
				PRODUCT_BUNDLE_IDENTIFIER = com.aadzhanow.MagneticTT;
				PRODUCT_NAME = "$(TARGET_NAME)";
				SWIFT_EMIT_LOC_STRINGS = YES;
				SWIFT_VERSION = 5.0;
				TARGETED_DEVICE_FAMILY = "1,2";
			};
			name = Release;
		};
/* End XCBuildConfiguration section */

/* Begin XCConfigurationList section */
		743CA9842BB9CF80009465B3 /* Build configuration list for PBXProject "MagneticTT" */ = {
			isa = XCConfigurationList;
			buildConfigurations = (
				743CA99B2BB9CF81009465B3 /* Debug */,
				743CA99C2BB9CF81009465B3 /* Release */,
			);
			defaultConfigurationIsVisible = 0;
			defaultConfigurationName = Release;
		};
		743CA99D2BB9CF81009465B3 /* Build configuration list for PBXNativeTarget "MagneticTT" */ = {
			isa = XCConfigurationList;
			buildConfigurations = (
				743CA99E2BB9CF81009465B3 /* Debug */,
				743CA99F2BB9CF81009465B3 /* Release */,
			);
			defaultConfigurationIsVisible = 0;
			defaultConfigurationName = Release;
		};
/* End XCConfigurationList section */

/* Begin XCRemoteSwiftPackageReference section */
		743CA9AA2BB9D171009465B3 /* XCRemoteSwiftPackageReference "SnapKit" */ = {
			isa = XCRemoteSwiftPackageReference;
			repositoryURL = "https://github.com/SnapKit/SnapKit.git";
			requirement = {
				kind = upToNextMajorVersion;
				minimumVersion = 5.7.1;
			};
		};
		743CA9AF2BB9D3C8009465B3 /* XCRemoteSwiftPackageReference "lottie-ios" */ = {
			isa = XCRemoteSwiftPackageReference;
			repositoryURL = "https://github.com/airbnb/lottie-ios";
			requirement = {
				kind = upToNextMajorVersion;
				minimumVersion = 4.4.1;
			};
		};
/* End XCRemoteSwiftPackageReference section */

/* Begin XCSwiftPackageProductDependency section */
		743CA9AB2BB9D171009465B3 /* SnapKit */ = {
			isa = XCSwiftPackageProductDependency;
			package = 743CA9AA2BB9D171009465B3 /* XCRemoteSwiftPackageReference "SnapKit" */;
			productName = SnapKit;
		};
		743CA9B02BB9D3C8009465B3 /* Lottie */ = {
			isa = XCSwiftPackageProductDependency;
			package = 743CA9AF2BB9D3C8009465B3 /* XCRemoteSwiftPackageReference "lottie-ios" */;
			productName = Lottie;
		};
/* End XCSwiftPackageProductDependency section */
	};
	rootObject = 743CA9812BB9CF80009465B3 /* Project object */;
}
